{
  "name": "src",
  "lockfileVersion": 3,
  "requires": true,
  "packages": {
    "": {
      "devDependencies": {
        "@types/node": "^16.18.104"
      }
    },
    "node_modules/@types/node": {
      "version": "16.18.104",
      "resolved": "https://registry.npmjs.org/@types/node/-/node-16.18.104.tgz",
      "integrity": "sha512-OF3keVCbfPlkzxnnDBUZJn1RiCJzKeadjiW0xTEb0G1SUJ5gDVb3qnzZr2T4uIFvsbKJbXy1v2DN7e2zaEY7jQ==",
      "dev": true
    }
  }
}
